
Microsoft Visual Studio Solution File, Format Version 12.00
# Visual Studio Version 17
VisualStudioVersion = 17.6.33801.468
MinimumVisualStudioVersion = 10.0.40219.1
Project("{FAE04EC0-301F-11D3-BF4B-00C04F79EFBC}") = "PIS vjezba1", "PIS vjezba1.csproj", "{F659663B-239A-4060-BA81-A8E3FEA90A7D}"
EndProject
Global
	GlobalSection(SolutionConfigurationPlatforms) = preSolution
		Debug|Any CPU = Debug|Any CPU
		Release|Any CPU = Release|Any CPU
	EndGlobalSection
	GlobalSection(ProjectConfigurationPlatforms) = postSolution
		{F659663B-239A-4060-BA81-A8E3FEA90A7D}.Debug|Any CPU.ActiveCfg = Debug|Any CPU
		{F659663B-239A-4060-BA81-A8E3FEA90A7D}.Debug|Any CPU.Build.0 = Debug|Any CPU
		{F659663B-239A-4060-BA81-A8E3FEA90A7D}.Release|Any CPU.ActiveCfg = Release|Any CPU
		{F659663B-239A-4060-BA81-A8E3FEA90A7D}.Release|Any CPU.Build.0 = Release|Any CPU
	EndGlobalSection
	GlobalSection(SolutionProperties) = preSolution
		HideSolutionNode = FALSE
	EndGlobalSection
	GlobalSection(ExtensibilityGlobals) = postSolution
		SolutionGuid = {D8011743-4F95-49C4-B0C2-5F5C95D25DFE}
	EndGlobalSection
EndGlobal
